schema: '2.0'
stages:
  pipeline:
    cmd: "python main.py --data_config config/data.yaml --database_config config/db.yaml
      --feature_config config/features.yaml --ml_config config/ml.yaml --search_space
      config/search_spaces.yaml\n"
    deps:
    - path: config/data.yaml
      hash: md5
      md5: 02fc609d1c18b926c87447ecc0b11b6d
      size: 15
    - path: config/db.yaml
      hash: md5
      md5: 80b741ae6b720e0a464b8f202f689bce
      size: 41
    - path: config/features.yaml
      hash: md5
      md5: 394964e207db9e11d5b2508cc636387f
      size: 481
    - path: config/ml.yaml
      hash: md5
      md5: a44cb5637ad8958f8092550f0ef1162a
      size: 216
    - path: config/search_spaces.yaml
      hash: md5
      md5: 2444f3e6794609cd386217f902aef67a
      size: 640
    - path: main.py
      hash: md5
      md5: d281172eeeb3701239012e48ee6bf3cd
      size: 9464
    - path: pipelines/data_builder.py
      hash: md5
      md5: e58189bcae2b9292e3f6e75198456c39
      size: 1568
    - path: pipelines/evaluation_pipeline.py
      hash: md5
      md5: 507ff953f6ece1d7442329c16f89f5fd
      size: 2291
    - path: pipelines/features_builder.py
      hash: md5
      md5: 6b1f9e9282db5eb43d06fa86c9cc089b
      size: 5072
    - path: pipelines/prediction_builder.py
      hash: md5
      md5: 7a876987a5928d492102e42a19fe085f
      size: 2039
    - path: pipelines/train_pipeline.py
      hash: md5
      md5: 8955278f1b131b5f02bc248067c4eefd
      size: 2698
    outs:
    - path: artifacts/features.parquet
      hash: md5
      md5: 1f038dadfa1e029d89b7a7be115125bb
      size: 8851696
    - path: artifacts/predictions.parquet
      hash: md5
      md5: 0603a4fa25d442bb4be771acb38893c2
      size: 14369
    - path: artifacts/shap_summary.png
      hash: md5
      md5: 3f2e52446d7d3a85c058b4a9e739242a
      size: 133869
    - path: artifacts/shap_values.parquet
      hash: md5
      md5: db4e125c109a3e211a0851ed2db2e957
      size: 404377
    - path: artifacts/test_dataset.parquet
      hash: md5
      md5: 26e33cfa394fbe209396478209d0658c
      size: 681726
    - path: artifacts/train_dataset.parquet
      hash: md5
      md5: 6591259f3cbb37bf4e9525c98d1799a6
      size: 8520604
