schema: '2.0'
stages:
  pipeline:
    cmd: "python main.py --data_config config/data.yaml --database_config config/db.yaml
      --feature_config config/features.yaml --ml_config config/ml.yaml --search_space
      config/search_spaces.yaml\n"
    deps:
    - path: config/data.yaml
      hash: md5
      md5: 02fc609d1c18b926c87447ecc0b11b6d
      size: 15
    - path: config/db.yaml
      hash: md5
      md5: 80b741ae6b720e0a464b8f202f689bce
      size: 41
    - path: config/features.yaml
      hash: md5
      md5: 394964e207db9e11d5b2508cc636387f
      size: 481
    - path: config/ml.yaml
      hash: md5
      md5: 105e23f7558b52cf970a11bea47f815f
      size: 229
    - path: config/search_spaces.yaml
      hash: md5
      md5: 2444f3e6794609cd386217f902aef67a
      size: 640
    - path: main.py
      hash: md5
      md5: d281172eeeb3701239012e48ee6bf3cd
      size: 9464
    - path: pipelines/data_builder.py
      hash: md5
      md5: e58189bcae2b9292e3f6e75198456c39
      size: 1568
    - path: pipelines/evaluation_pipeline.py
      hash: md5
      md5: 507ff953f6ece1d7442329c16f89f5fd
      size: 2291
    - path: pipelines/features_builder.py
      hash: md5
      md5: 6b1f9e9282db5eb43d06fa86c9cc089b
      size: 5072
    - path: pipelines/prediction_builder.py
      hash: md5
      md5: 7a876987a5928d492102e42a19fe085f
      size: 2039
    - path: pipelines/train_pipeline.py
      hash: md5
      md5: 8955278f1b131b5f02bc248067c4eefd
      size: 2698
    outs:
    - path: artifacts/features.parquet
      hash: md5
      md5: 985f74296e7959f7a1bd1cd81c2f6f87
      size: 8929464
    - path: artifacts/predictions.parquet
      hash: md5
      md5: fb0f2072ac50edf147630b6140f8fad8
      size: 14363
    - path: artifacts/shap_summary.png
      hash: md5
      md5: e70f9fd86f55cd449b3ffd66fe640781
      size: 125710
    - path: artifacts/shap_values.parquet
      hash: md5
      md5: f2907d08200ce60cc4b153b9793ebd5c
      size: 470381
    - path: artifacts/test_dataset.parquet
      hash: md5
      md5: e92e61eaf2e7c1a079f6698e00014df6
      size: 687226
    - path: artifacts/train_dataset.parquet
      hash: md5
      md5: 19043da67c10161718ad63880f19a30b
      size: 8574211
